// !$*UTF8*$!
{
	archiveVersion = 1;
	classes = {
	};
	objectVersion = 50;
	objects = {

/* Begin PBXBuildFile section */
		901F90122345F3E50096CC25 /* AppDelegate.swift in Sources */ = {isa = PBXBuildFile; fileRef = 901F90112345F3E50096CC25 /* AppDelegate.swift */; };
		901F90142345F3E50096CC25 /* SceneDelegate.swift in Sources */ = {isa = PBXBuildFile; fileRef = 901F90132345F3E50096CC25 /* SceneDelegate.swift */; };
		901F90162345F3E50096CC25 /* ViewController.swift in Sources */ = {isa = PBXBuildFile; fileRef = 901F90152345F3E50096CC25 /* ViewController.swift */; };
		901F90192345F3E50096CC25 /* Main.storyboard in Resources */ = {isa = PBXBuildFile; fileRef = 901F90172345F3E50096CC25 /* Main.storyboard */; };
		901F901C2345F3E50096CC25 /* demo2.xcdatamodeld in Sources */ = {isa = PBXBuildFile; fileRef = 901F901A2345F3E50096CC25 /* demo2.xcdatamodeld */; };
		901F901E2345F3E60096CC25 /* Assets.xcassets in Resources */ = {isa = PBXBuildFile; fileRef = 901F901D2345F3E60096CC25 /* Assets.xcassets */; };
		901F90212345F3E60096CC25 /* LaunchScreen.storyboard in Resources */ = {isa = PBXBuildFile; fileRef = 901F901F2345F3E60096CC25 /* LaunchScreen.storyboard */; };
		901F902C2345F3E60096CC25 /* demo2Tests.swift in Sources */ = {isa = PBXBuildFile; fileRef = 901F902B2345F3E60096CC25 /* demo2Tests.swift */; };
		901F90372345F3E60096CC25 /* demo2UITests.swift in Sources */ = {isa = PBXBuildFile; fileRef = 901F90362345F3E60096CC25 /* demo2UITests.swift */; };
		903A9DDF2345FDE700BFE16A /* demosql.sql in Resources */ = {isa = PBXBuildFile; fileRef = 903A9DDE2345FDE700BFE16A /* demosql.sql */; };
/* End PBXBuildFile section */

/* Begin PBXContainerItemProxy section */
		901F90282345F3E60096CC25 /* PBXContainerItemProxy */ = {
			isa = PBXContainerItemProxy;
			containerPortal = 901F90062345F3E50096CC25 /* Project object */;
			proxyType = 1;
			remoteGlobalIDString = 901F900D2345F3E50096CC25;
			remoteInfo = demo2;
		};
		901F90332345F3E60096CC25 /* PBXContainerItemProxy */ = {
			isa = PBXContainerItemProxy;
			containerPortal = 901F90062345F3E50096CC25 /* Project object */;
			proxyType = 1;
			remoteGlobalIDString = 901F900D2345F3E50096CC25;
			remoteInfo = demo2;
		};
/* End PBXContainerItemProxy section */

/* Begin PBXFileReference section */
		901F900E2345F3E50096CC25 /* demo2.app */ = {isa = PBXFileReference; explicitFileType = wrapper.application; includeInIndex = 0; path = demo2.app; sourceTree = BUILT_PRODUCTS_DIR; };
		901F90112345F3E50096CC25 /* AppDelegate.swift */ = {isa = PBXFileReference; lastKnownFileType = sourcecode.swift; path = AppDelegate.swift; sourceTree = "<group>"; };
		901F90132345F3E50096CC25 /* SceneDelegate.swift */ = {isa = PBXFileReference; lastKnownFileType = sourcecode.swift; path = SceneDelegate.swift; sourceTree = "<group>"; };
		901F90152345F3E50096CC25 /* ViewController.swift */ = {isa = PBXFileReference; lastKnownFileType = sourcecode.swift; path = ViewController.swift; sourceTree = "<group>"; };
		901F90182345F3E50096CC25 /* Base */ = {isa = PBXFileReference; lastKnownFileType = file.storyboard; name = Base; path = Base.lproj/Main.storyboard; sourceTree = "<group>"; };
		901F901B2345F3E50096CC25 /* demo2.xcdatamodel */ = {isa = PBXFileReference; lastKnownFileType = wrapper.xcdatamodel; path = demo2.xcdatamodel; sourceTree = "<group>"; };
		901F901D2345F3E60096CC25 /* Assets.xcassets */ = {isa = PBXFileReference; lastKnownFileType = folder.assetcatalog; path = Assets.xcassets; sourceTree = "<group>"; };
		901F90202345F3E60096CC25 /* Base */ = {isa = PBXFileReference; lastKnownFileType = file.storyboard; name = Base; path = Base.lproj/LaunchScreen.storyboard; sourceTree = "<group>"; };
		901F90222345F3E60096CC25 /* Info.plist */ = {isa = PBXFileReference; lastKnownFileType = text.plist.xml; path = Info.plist; sourceTree = "<group>"; };
		901F90272345F3E60096CC25 /* demo2Tests.xctest */ = {isa = PBXFileReference; explicitFileType = wrapper.cfbundle; includeInIndex = 0; path = demo2Tests.xctest; sourceTree = BUILT_PRODUCTS_DIR; };
		901F902B2345F3E60096CC25 /* demo2Tests.swift */ = {isa = PBXFileReference; lastKnownFileType = sourcecode.swift; path = demo2Tests.swift; sourceTree = "<group>"; };
		901F902D2345F3E60096CC25 /* Info.plist */ = {isa = PBXFileReference; lastKnownFileType = text.plist.xml; path = Info.plist; sourceTree = "<group>"; };
		901F90322345F3E60096CC25 /* demo2UITests.xctest */ = {isa = PBXFileReference; explicitFileType = wrapper.cfbundle; includeInIndex = 0; path = demo2UITests.xctest; sourceTree = BUILT_PRODUCTS_DIR; };
		901F90362345F3E60096CC25 /* demo2UITests.swift */ = {isa = PBXFileReference; lastKnownFileType = sourcecode.swift; path = demo2UITests.swift; sourceTree = "<group>"; };
		901F90382345F3E60096CC25 /* Info.plist */ = {isa = PBXFileReference; lastKnownFileType = text.plist.xml; path = Info.plist; sourceTree = "<group>"; };
		903A9DDE2345FDE700BFE16A /* demosql.sql */ = {isa = PBXFileReference; lastKnownFileType = file; name = demosql.sql; path = demo2/demosql.sql; sourceTree = SOURCE_ROOT; };
/* End PBXFileReference section */

/* Begin PBXFrameworksBuildPhase section */
		901F900B2345F3E50096CC25 /* Frameworks */ = {
			isa = PBXFrameworksBuildPhase;
			buildActionMask = 2147483647;
			files = (
			);
			runOnlyForDeploymentPostprocessing = 0;
		};
		901F90242345F3E60096CC25 /* Frameworks */ = {
			isa = PBXFrameworksBuildPhase;
			buildActionMask = 2147483647;
			files = (
			);
			runOnlyForDeploymentPostprocessing = 0;
		};
		901F902F2345F3E60096CC25 /* Frameworks */ = {
			isa = PBXFrameworksBuildPhase;
			buildActionMask = 2147483647;
			files = (
			);
			runOnlyForDeploymentPostprocessing = 0;
		};
/* End PBXFrameworksBuildPhase section */

/* Begin PBXGroup section */
		901F90052345F3E50096CC25 = {
			isa = PBXGroup;
			children = (
				901F90102345F3E50096CC25 /* demo2 */,
				901F902A2345F3E60096CC25 /* demo2Tests */,
				901F90352345F3E60096CC25 /* demo2UITests */,
				901F900F2345F3E50096CC25 /* Products */,
			);
			sourceTree = "<group>";
		};
		901F900F2345F3E50096CC25 /* Products */ = {
			isa = PBXGroup;
			children = (
				901F900E2345F3E50096CC25 /* demo2.app */,
				901F90272345F3E60096CC25 /* demo2Tests.xctest */,
				901F90322345F3E60096CC25 /* demo2UITests.xctest */,
			);
			name = Products;
			sourceTree = "<group>";
		};
		901F90102345F3E50096CC25 /* demo2 */ = {
			isa = PBXGroup;
			children = (
				903A9DDD2345FDC200BFE16A /* Database */,
				901F90112345F3E50096CC25 /* AppDelegate.swift */,
				901F90132345F3E50096CC25 /* SceneDelegate.swift */,
				901F90152345F3E50096CC25 /* ViewController.swift */,
				901F90172345F3E50096CC25 /* Main.storyboard */,
				901F901D2345F3E60096CC25 /* Assets.xcassets */,
				901F901F2345F3E60096CC25 /* LaunchScreen.storyboard */,
				901F90222345F3E60096CC25 /* Info.plist */,
				901F901A2345F3E50096CC25 /* demo2.xcdatamodeld */,
			);
			path = demo2;
			sourceTree = "<group>";
		};
		901F902A2345F3E60096CC25 /* demo2Tests */ = {
			isa = PBXGroup;
			children = (
				901F902B2345F3E60096CC25 /* demo2Tests.swift */,
				901F902D2345F3E60096CC25 /* Info.plist */,
			);
			path = demo2Tests;
			sourceTree = "<group>";
		};
		901F90352345F3E60096CC25 /* demo2UITests */ = {
			isa = PBXGroup;
			children = (
				901F90362345F3E60096CC25 /* demo2UITests.swift */,
				901F90382345F3E60096CC25 /* Info.plist */,
			);
			path = demo2UITests;
			sourceTree = "<group>";
		};
		903A9DDD2345FDC200BFE16A /* Database */ = {
			isa = PBXGroup;
			children = (
				903A9DDE2345FDE700BFE16A /* demosql.sql */,
			);
			path = Database;
			sourceTree = "<group>";
		};
/* End PBXGroup section */

/* Begin PBXNativeTarget section */
		901F900D2345F3E50096CC25 /* demo2 */ = {
			isa = PBXNativeTarget;
			buildConfigurationList = 901F903B2345F3E60096CC25 /* Build configuration list for PBXNativeTarget "demo2" */;
			buildPhases = (
				901F900A2345F3E50096CC25 /* Sources */,
				901F900B2345F3E50096CC25 /* Frameworks */,
				901F900C2345F3E50096CC25 /* Resources */,
			);
			buildRules = (
			);
			dependencies = (
			);
			name = demo2;
			productName = demo2;
			productReference = 901F900E2345F3E50096CC25 /* demo2.app */;
			productType = "com.apple.product-type.application";
		};
		901F90262345F3E60096CC25 /* demo2Tests */ = {
			isa = PBXNativeTarget;
			buildConfigurationList = 901F903E2345F3E60096CC25 /* Build configuration list for PBXNativeTarget "demo2Tests" */;
			buildPhases = (
				901F90232345F3E60096CC25 /* Sources */,
				901F90242345F3E60096CC25 /* Frameworks */,
				901F90252345F3E60096CC25 /* Resources */,
			);
			buildRules = (
			);
			dependencies = (
				901F90292345F3E60096CC25 /* PBXTargetDependency */,
			);
			name = demo2Tests;
			productName = demo2Tests;
			productReference = 901F90272345F3E60096CC25 /* demo2Tests.xctest */;
			productType = "com.apple.product-type.bundle.unit-test";
		};
		901F90312345F3E60096CC25 /* demo2UITests */ = {
			isa = PBXNativeTarget;
			buildConfigurationList = 901F90412345F3E60096CC25 /* Build configuration list for PBXNativeTarget "demo2UITests" */;
			buildPhases = (
				901F902E2345F3E60096CC25 /* Sources */,
				901F902F2345F3E60096CC25 /* Frameworks */,
				901F90302345F3E60096CC25 /* Resources */,
			);
			buildRules = (
			);
			dependencies = (
				901F90342345F3E60096CC25 /* PBXTargetDependency */,
			);
			name = demo2UITests;
			productName = demo2UITests;
			productReference = 901F90322345F3E60096CC25 /* demo2UITests.xctest */;
			productType = "com.apple.product-type.bundle.ui-testing";
		};
/* End PBXNativeTarget section */

/* Begin PBXProject section */
		901F90062345F3E50096CC25 /* Project object */ = {
			isa = PBXProject;
			attributes = {
				LastSwiftUpdateCheck = 1100;
				LastUpgradeCheck = 1100;
				ORGANIZATIONNAME = "yogesh patel";
				TargetAttributes = {
					901F900D2345F3E50096CC25 = {
						CreatedOnToolsVersion = 11.0;
					};
					901F90262345F3E60096CC25 = {
						CreatedOnToolsVersion = 11.0;
						TestTargetID = 901F900D2345F3E50096CC25;
					};
					901F90312345F3E60096CC25 = {
						CreatedOnToolsVersion = 11.0;
						TestTargetID = 901F900D2345F3E50096CC25;
					};
				};
			};
			buildConfigurationList = 901F90092345F3E50096CC25 /* Build configuration list for PBXProject "demo2" */;
			compatibilityVersion = "Xcode 9.3";
			developmentRegion = en;
			hasScannedForEncodings = 0;
			knownRegions = (
				en,
				Base,
			);
			mainGroup = 901F90052345F3E50096CC25;
			productRefGroup = 901F900F2345F3E50096CC25 /* Products */;
			projectDirPath = "";
			projectRoot = "";
			targets = (
				901F900D2345F3E50096CC25 /* demo2 */,
				901F90262345F3E60096CC25 /* demo2Tests */,
				901F90312345F3E60096CC25 /* demo2UITests */,
			);
		};
/* End PBXProject section */

/* Begin PBXResourcesBuildPhase section */
		901F900C2345F3E50096CC25 /* Resources */ = {
			isa = PBXResourcesBuildPhase;
			buildActionMask = 2147483647;
			files = (
				901F90212345F3E60096CC25 /* LaunchScreen.storyboard in Resources */,
				901F901E2345F3E60096CC25 /* Assets.xcassets in Resources */,
				903A9DDF2345FDE700BFE16A /* demosql.sql in Resources */,
				901F90192345F3E50096CC25 /* Main.storyboard in Resources */,
			);
			runOnlyForDeploymentPostprocessing = 0;
		};
		901F90252345F3E60096CC25 /* Resources */ = {
			isa = PBXResourcesBuildPhase;
			buildActionMask = 2147483647;
			files = (
			);
			runOnlyForDeploymentPostprocessing = 0;
		};
		901F90302345F3E60096CC25 /* Resources */ = {
			isa = PBXResourcesBuildPhase;
			buildActionMask = 2147483647;
			files = (
			);
			runOnlyForDeploymentPostprocessing = 0;
		};
/* End PBXResourcesBuildPhase section */

/* Begin PBXSourcesBuildPhase section */
		901F900A2345F3E50096CC25 /* Sources */ = {
			isa = PBXSourcesBuildPhase;
			buildActionMask = 2147483647;
			files = (
				901F90162345F3E50096CC25 /* ViewController.swift in Sources */,
				901F901C2345F3E50096CC25 /* demo2.xcdatamodeld in Sources */,
				901F90122345F3E50096CC25 /* AppDelegate.swift in Sources */,
				901F90142345F3E50096CC25 /* SceneDelegate.swift in Sources */,
			);
			runOnlyForDeploymentPostprocessing = 0;
		};
		901F90232345F3E60096CC25 /* Sources */ = {
			isa = PBXSourcesBuildPhase;
			buildActionMask = 2147483647;
			files = (
				901F902C2345F3E60096CC25 /* demo2Tests.swift in Sources */,
			);
			runOnlyForDeploymentPostprocessing = 0;
		};
		901F902E2345F3E60096CC25 /* Sources */ = {
			isa = PBXSourcesBuildPhase;
			buildActionMask = 2147483647;
			files = (
				901F90372345F3E60096CC25 /* demo2UITests.swift in Sources */,
			);
			runOnlyForDeploymentPostprocessing = 0;
		};
/* End PBXSourcesBuildPhase section */

/* Begin PBXTargetDependency section */
		901F90292345F3E60096CC25 /* PBXTargetDependency */ = {
			isa = PBXTargetDependency;
			target = 901F900D2345F3E50096CC25 /* demo2 */;
			targetProxy = 901F90282345F3E60096CC25 /* PBXContainerItemProxy */;
		};
		901F90342345F3E60096CC25 /* PBXTargetDependency */ = {
			isa = PBXTargetDependency;
			target = 901F900D2345F3E50096CC25 /* demo2 */;
			targetProxy = 901F90332345F3E60096CC25 /* PBXContainerItemProxy */;
		};
/* End PBXTargetDependency section */

/* Begin PBXVariantGroup section */
		901F90172345F3E50096CC25 /* Main.storyboard */ = {
			isa = PBXVariantGroup;
			children = (
				901F90182345F3E50096CC25 /* Base */,
			);
			name = Main.storyboard;
			sourceTree = "<group>";
		};
		901F901F2345F3E60096CC25 /* LaunchScreen.storyboard */ = {
			isa = PBXVariantGroup;
			children = (
				901F90202345F3E60096CC25 /* Base */,
			);
			name = LaunchScreen.storyboard;
			sourceTree = "<group>";
		};
/* End PBXVariantGroup section */

/* Begin XCBuildConfiguration section */
		901F90392345F3E60096CC25 /* Debug */ = {
			isa = XCBuildConfiguration;
			buildSettings = {
				ALWAYS_SEARCH_USER_PATHS = NO;
				CLANG_ANALYZER_NONNULL = YES;
				CLANG_ANALYZER_NUMBER_OBJECT_CONVERSION = YES_AGGRESSIVE;
				CLANG_CXX_LANGUAGE_STANDARD = "gnu++14";
				CLANG_CXX_LIBRARY = "libc++";
				CLANG_ENABLE_MODULES = YES;
				CLANG_ENABLE_OBJC_ARC = YES;
				CLANG_ENABLE_OBJC_WEAK = YES;
				CLANG_WARN_BLOCK_CAPTURE_AUTORELEASING = YES;
				CLANG_WARN_BOOL_CONVERSION = YES;
				CLANG_WARN_COMMA = YES;
				CLANG_WARN_CONSTANT_CONVERSION = YES;
				CLANG_WARN_DEPRECATED_OBJC_IMPLEMENTATIONS = YES;
				CLANG_WARN_DIRECT_OBJC_ISA_USAGE = YES_ERROR;
				CLANG_WARN_DOCUMENTATION_COMMENTS = YES;
				CLANG_WARN_EMPTY_BODY = YES;
				CLANG_WARN_ENUM_CONVERSION = YES;
				CLANG_WARN_INFINITE_RECURSION = YES;
				CLANG_WARN_INT_CONVERSION = YES;
				CLANG_WARN_NON_LITERAL_NULL_CONVERSION = YES;
				CLANG_WARN_OBJC_IMPLICIT_RETAIN_SELF = YES;
				CLANG_WARN_OBJC_LITERAL_CONVERSION = YES;
				CLANG_WARN_OBJC_ROOT_CLASS = YES_ERROR;
				CLANG_WARN_RANGE_LOOP_ANALYSIS = YES;
				CLANG_WARN_STRICT_PROTOTYPES = YES;
				CLANG_WARN_SUSPICIOUS_MOVE = YES;
				CLANG_WARN_UNGUARDED_AVAILABILITY = YES_AGGRESSIVE;
				CLANG_WARN_UNREACHABLE_CODE = YES;
				CLANG_WARN__DUPLICATE_METHOD_MATCH = YES;
				COPY_PHASE_STRIP = NO;
				DEBUG_INFORMATION_FORMAT = dwarf;
				ENABLE_STRICT_OBJC_MSGSEND = YES;
				ENABLE_TESTABILITY = YES;
				GCC_C_LANGUAGE_STANDARD = gnu11;
				GCC_DYNAMIC_NO_PIC = NO;
				GCC_NO_COMMON_BLOCKS = YES;
				GCC_OPTIMIZATION_LEVEL = 0;
				GCC_PREPROCESSOR_DEFINITIONS = (
					"DEBUG=1",
					"$(inherited)",
				);
				GCC_WARN_64_TO_32_BIT_CONVERSION = YES;
				GCC_WARN_ABOUT_RETURN_TYPE = YES_ERROR;
				GCC_WARN_UNDECLARED_SELECTOR = YES;
				GCC_WARN_UNINITIALIZED_AUTOS = YES_AGGRESSIVE;
				GCC_WARN_UNUSED_FUNCTION = YES;
				GCC_WARN_UNUSED_VARIABLE = YES;
				IPHONEOS_DEPLOYMENT_TARGET = 13.0;
				MTL_ENABLE_DEBUG_INFO = INCLUDE_SOURCE;
				MTL_FAST_MATH = YES;
				ONLY_ACTIVE_ARCH = YES;
				SDKROOT = iphoneos;
				SWIFT_ACTIVE_COMPILATION_CONDITIONS = DEBUG;
				SWIFT_OPTIMIZATION_LEVEL = "-Onone";
			};
			name = Debug;
		};
		901F903A2345F3E60096CC25 /* Release */ = {
			isa = XCBuildConfiguration;
			buildSettings = {
				ALWAYS_SEARCH_USER_PATHS = NO;
				CLANG_ANALYZER_NONNULL = YES;
				CLANG_ANALYZER_NUMBER_OBJECT_CONVERSION = YES_AGGRESSIVE;
				CLANG_CXX_LANGUAGE_STANDARD = "gnu++14";
				CLANG_CXX_LIBRARY = "libc++";
				CLANG_ENABLE_MODULES = YES;
				CLANG_ENABLE_OBJC_ARC = YES;
				CLANG_ENABLE_OBJC_WEAK = YES;
				CLANG_WARN_BLOCK_CAPTURE_AUTORELEASING = YES;
				CLANG_WARN_BOOL_CONVERSION = YES;
				CLANG_WARN_COMMA = YES;
				CLANG_WARN_CONSTANT_CONVERSION = YES;
				CLANG_WARN_DEPRECATED_OBJC_IMPLEMENTATIONS = YES;
				CLANG_WARN_DIRECT_OBJC_ISA_USAGE = YES_ERROR;
				CLANG_WARN_DOCUMENTATION_COMMENTS = YES;
				CLANG_WARN_EMPTY_BODY = YES;
				CLANG_WARN_ENUM_CONVERSION = YES;
				CLANG_WARN_INFINITE_RECURSION = YES;
				CLANG_WARN_INT_CONVERSION = YES;
				CLANG_WARN_NON_LITERAL_NULL_CONVERSION = YES;
				CLANG_WARN_OBJC_IMPLICIT_RETAIN_SELF = YES;
				CLANG_WARN_OBJC_LITERAL_CONVERSION = YES;
				CLANG_WARN_OBJC_ROOT_CLASS = YES_ERROR;
				CLANG_WARN_RANGE_LOOP_ANALYSIS = YES;
				CLANG_WARN_STRICT_PROTOTYPES = YES;
				CLANG_WARN_SUSPICIOUS_MOVE = YES;
				CLANG_WARN_UNGUARDED_AVAILABILITY = YES_AGGRESSIVE;
				CLANG_WARN_UNREACHABLE_CODE = YES;
				CLANG_WARN__DUPLICATE_METHOD_MATCH = YES;
				COPY_PHASE_STRIP = NO;
				DEBUG_INFORMATION_FORMAT = "dwarf-with-dsym";
				ENABLE_NS_ASSERTIONS = NO;
				ENABLE_STRICT_OBJC_MSGSEND = YES;
				GCC_C_LANGUAGE_STANDARD = gnu11;
				GCC_NO_COMMON_BLOCKS = YES;
				GCC_WARN_64_TO_32_BIT_CONVERSION = YES;
				GCC_WARN_ABOUT_RETURN_TYPE = YES_ERROR;
				GCC_WARN_UNDECLARED_SELECTOR = YES;
				GCC_WARN_UNINITIALIZED_AUTOS = YES_AGGRESSIVE;
				GCC_WARN_UNUSED_FUNCTION = YES;
				GCC_WARN_UNUSED_VARIABLE = YES;
				IPHONEOS_DEPLOYMENT_TARGET = 13.0;
				MTL_ENABLE_DEBUG_INFO = NO;
				MTL_FAST_MATH = YES;
				SDKROOT = iphoneos;
				SWIFT_COMPILATION_MODE = wholemodule;
				SWIFT_OPTIMIZATION_LEVEL = "-O";
				VALIDATE_PRODUCT = YES;
			};
			name = Release;
		};
		901F903C2345F3E60096CC25 /* Debug */ = {
			isa = XCBuildConfiguration;
			buildSettings = {
				ASSETCATALOG_COMPILER_APPICON_NAME = AppIcon;
				CODE_SIGN_STYLE = Automatic;
				INFOPLIST_FILE = demo2/Info.plist;
				LD_RUNPATH_SEARCH_PATHS = (
					"$(inherited)",
					"@executable_path/Frameworks",
				);
				PRODUCT_BUNDLE_IDENTIFIER = Yogesh.demo2;
				PRODUCT_NAME = "$(TARGET_NAME)";
				SWIFT_VERSION = 5.0;
				TARGETED_DEVICE_FAMILY = "1,2";
			};
			name = Debug;
		};
		901F903D2345F3E60096CC25 /* Release */ = {
			isa = XCBuildConfiguration;
			buildSettings = {
				ASSETCATALOG_COMPILER_APPICON_NAME = AppIcon;
				CODE_SIGN_STYLE = Automatic;
				INFOPLIST_FILE = demo2/Info.plist;
				LD_RUNPATH_SEARCH_PATHS = (
					"$(inherited)",
					"@executable_path/Frameworks",
				);
				PRODUCT_BUNDLE_IDENTIFIER = Yogesh.demo2;
				PRODUCT_NAME = "$(TARGET_NAME)";
				SWIFT_VERSION = 5.0;
				TARGETED_DEVICE_FAMILY = "1,2";
			};
			name = Release;
		};
		901F903F2345F3E60096CC25 /* Debug */ = {
			isa = XCBuildConfiguration;
			buildSettings = {
				ALWAYS_EMBED_SWIFT_STANDARD_LIBRARIES = YES;
				BUNDLE_LOADER = "$(TEST_HOST)";
				CODE_SIGN_STYLE = Automatic;
				INFOPLIST_FILE = demo2Tests/Info.plist;
				IPHONEOS_DEPLOYMENT_TARGET = 13.0;
				LD_RUNPATH_SEARCH_PATHS = (
					"$(inherited)",
					"@executable_path/Frameworks",
					"@loader_path/Frameworks",
				);
				PRODUCT_BUNDLE_IDENTIFIER = Yogesh.demo2Tests;
				PRODUCT_NAME = "$(TARGET_NAME)";
				SWIFT_VERSION = 5.0;
				TARGETED_DEVICE_FAMILY = "1,2";
				TEST_HOST = "$(BUILT_PRODUCTS_DIR)/demo2.app/demo2";
			};
			name = Debug;
		};
		901F90402345F3E60096CC25 /* Release */ = {
			isa = XCBuildConfiguration;
			buildSettings = {
				ALWAYS_EMBED_SWIFT_STANDARD_LIBRARIES = YES;
				BUNDLE_LOADER = "$(TEST_HOST)";
				CODE_SIGN_STYLE = Automatic;
				INFOPLIST_FILE = demo2Tests/Info.plist;
				IPHONEOS_DEPLOYMENT_TARGET = 13.0;
				LD_RUNPATH_SEARCH_PATHS = (
					"$(inherited)",
					"@executable_path/Frameworks",
					"@loader_path/Frameworks",
				);
				PRODUCT_BUNDLE_IDENTIFIER = Yogesh.demo2Tests;
				PRODUCT_NAME = "$(TARGET_NAME)";
				SWIFT_VERSION = 5.0;
				TARGETED_DEVICE_FAMILY = "1,2";
				TEST_HOST = "$(BUILT_PRODUCTS_DIR)/demo2.app/demo2";
			};
			name = Release;
		};
		901F90422345F3E60096CC25 /* Debug */ = {
			isa = XCBuildConfiguration;
			buildSettings = {
				ALWAYS_EMBED_SWIFT_STANDARD_LIBRARIES = YES;
				CODE_SIGN_STYLE = Automatic;
				INFOPLIST_FILE = demo2UITests/Info.plist;
				LD_RUNPATH_SEARCH_PATHS = (
					"$(inherited)",
					"@executable_path/Frameworks",
					"@loader_path/Frameworks",
				);
				PRODUCT_BUNDLE_IDENTIFIER = Yogesh.demo2UITests;
				PRODUCT_NAME = "$(TARGET_NAME)";
				SWIFT_VERSION = 5.0;
				TARGETED_DEVICE_FAMILY = "1,2";
				TEST_TARGET_NAME = demo2;
			};
			name = Debug;
		};
		901F90432345F3E60096CC25 /* Release */ = {
			isa = XCBuildConfiguration;
			buildSettings = {
				ALWAYS_EMBED_SWIFT_STANDARD_LIBRARIES = YES;
				CODE_SIGN_STYLE = Automatic;
				INFOPLIST_FILE = demo2UITests/Info.plist;
				LD_RUNPATH_SEARCH_PATHS = (
					"$(inherited)",
					"@executable_path/Frameworks",
					"@loader_path/Frameworks",
				);
				PRODUCT_BUNDLE_IDENTIFIER = Yogesh.demo2UITests;
				PRODUCT_NAME = "$(TARGET_NAME)";
				SWIFT_VERSION = 5.0;
				TARGETED_DEVICE_FAMILY = "1,2";
				TEST_TARGET_NAME = demo2;
			};
			name = Release;
		};
/* End XCBuildConfiguration section */

/* Begin XCConfigurationList section */
		901F90092345F3E50096CC25 /* Build configuration list for PBXProject "demo2" */ = {
			isa = XCConfigurationList;
			buildConfigurations = (
				901F90392345F3E60096CC25 /* Debug */,
				901F903A2345F3E60096CC25 /* Release */,
			);
			defaultConfigurationIsVisible = 0;
			defaultConfigurationName = Release;
		};
		901F903B2345F3E60096CC25 /* Build configuration list for PBXNativeTarget "demo2" */ = {
			isa = XCConfigurationList;
			buildConfigurations = (
				901F903C2345F3E60096CC25 /* Debug */,
				901F903D2345F3E60096CC25 /* Release */,
			);
			defaultConfigurationIsVisible = 0;
			defaultConfigurationName = Release;
		};
		901F903E2345F3E60096CC25 /* Build configuration list for PBXNativeTarget "demo2Tests" */ = {
			isa = XCConfigurationList;
			buildConfigurations = (
				901F903F2345F3E60096CC25 /* Debug */,
				901F90402345F3E60096CC25 /* Release */,
			);
			defaultConfigurationIsVisible = 0;
			defaultConfigurationName = Release;
		};
		901F90412345F3E60096CC25 /* Build configuration list for PBXNativeTarget "demo2UITests" */ = {
			isa = XCConfigurationList;
			buildConfigurations = (
				901F90422345F3E60096CC25 /* Debug */,
				901F90432345F3E60096CC25 /* Release */,
			);
			defaultConfigurationIsVisible = 0;
			defaultConfigurationName = Release;
		};
/* End XCConfigurationList section */

/* Begin XCVersionGroup section */
		901F901A2345F3E50096CC25 /* demo2.xcdatamodeld */ = {
			isa = XCVersionGroup;
			children = (
				901F901B2345F3E50096CC25 /* demo2.xcdatamodel */,
			);
			currentVersion = 901F901B2345F3E50096CC25 /* demo2.xcdatamodel */;
			path = demo2.xcdatamodeld;
			sourceTree = "<group>";
			versionGroupType = wrapper.xcdatamodel;
		};
/* End XCVersionGroup section */
	};
	rootObject = 901F90062345F3E50096CC25 /* Project object */;
}
